Microsoft Visual Studio Solution File, Format Version 12.00
# Visual Studio Version 17
VisualStudioVersion = 17.5.2.0
MinimumVisualStudioVersion = 10.0.40219.1
Project("{FAE04EC0-301F-11D3-BF4B-00C04F79EFBC}") = "FontBuddySample", "FontBuddySample.csproj", "{D15DA736-F9DC-2B95-4E39-A929AB04C8EF}"
EndProject
Global
	GlobalSection(SolutionConfigurationPlatforms) = preSolution
		Debug|Any CPU = Debug|Any CPU
		Release|Any CPU = Release|Any CPU
	EndGlobalSection
	GlobalSection(ProjectConfigurationPlatforms) = postSolution
		{D15DA736-F9DC-2B95-4E39-A929AB04C8EF}.Debug|Any CPU.ActiveCfg = Debug|Any CPU
		{D15DA736-F9DC-2B95-4E39-A929AB04C8EF}.Debug|Any CPU.Build.0 = Debug|Any CPU
		{D15DA736-F9DC-2B95-4E39-A929AB04C8EF}.Release|Any CPU.ActiveCfg = Release|Any CPU
		{D15DA736-F9DC-2B95-4E39-A929AB04C8EF}.Release|Any CPU.Build.0 = Release|Any CPU
	EndGlobalSection
	GlobalSection(SolutionProperties) = preSolution
		HideSolutionNode = FALSE
	EndGlobalSection
	GlobalSection(ExtensibilityGlobals) = postSolution
		SolutionGuid = {366E244B-FD63-4C53-9A7C-D5415D994544}
	EndGlobalSection
EndGlobal
